
Microsoft Visual Studio Solution File, Format Version 12.00
# Visual Studio 15
VisualStudioVersion = 15.0.27130.2036
MinimumVisualStudioVersion = 10.0.40219.1
Project("{FAE04EC0-301F-11D3-BF4B-00C04F79EFBC}") = "Apteka", "Apteka\Apteka.csproj", "{16F5A8B5-8DD7-4BF8-B83C-D9A10ED81141}"
EndProject
Global
	GlobalSection(SolutionConfigurationPlatforms) = preSolution
		Debug|Any CPU = Debug|Any CPU
		Release|Any CPU = Release|Any CPU
	EndGlobalSection
	GlobalSection(ProjectConfigurationPlatforms) = postSolution
		{16F5A8B5-8DD7-4BF8-B83C-D9A10ED81141}.Debug|Any CPU.ActiveCfg = Debug|Any CPU
		{16F5A8B5-8DD7-4BF8-B83C-D9A10ED81141}.Debug|Any CPU.Build.0 = Debug|Any CPU
		{16F5A8B5-8DD7-4BF8-B83C-D9A10ED81141}.Release|Any CPU.ActiveCfg = Release|Any CPU
		{16F5A8B5-8DD7-4BF8-B83C-D9A10ED81141}.Release|Any CPU.Build.0 = Release|Any CPU
	EndGlobalSection
	GlobalSection(SolutionProperties) = preSolution
		HideSolutionNode = FALSE
	EndGlobalSection
	GlobalSection(ExtensibilityGlobals) = postSolution
		SolutionGuid = {3265B319-6753-45E5-AFE0-A3C220F7D7AB}
	EndGlobalSection
EndGlobal
